
Microsoft Visual Studio Solution File, Format Version 12.00
# Visual Studio 15
VisualStudioVersion = 15.0.27130.2010
MinimumVisualStudioVersion = 10.0.40219.1
Project("{FAE04EC0-301F-11D3-BF4B-00C04F79EFBC}") = "Termographic image analysis", "Termographic image analysis\Termographic image analysis.csproj", "{4A40C28F-28EB-43A6-A446-0C7EA086DD8F}"
EndProject
Global
	GlobalSection(SolutionConfigurationPlatforms) = preSolution
		Debug|Any CPU = Debug|Any CPU
		Release|Any CPU = Release|Any CPU
	EndGlobalSection
	GlobalSection(ProjectConfigurationPlatforms) = postSolution
		{4A40C28F-28EB-43A6-A446-0C7EA086DD8F}.Debug|Any CPU.ActiveCfg = Debug|Any CPU
		{4A40C28F-28EB-43A6-A446-0C7EA086DD8F}.Debug|Any CPU.Build.0 = Debug|Any CPU
		{4A40C28F-28EB-43A6-A446-0C7EA086DD8F}.Release|Any CPU.ActiveCfg = Release|Any CPU
		{4A40C28F-28EB-43A6-A446-0C7EA086DD8F}.Release|Any CPU.Build.0 = Release|Any CPU
	EndGlobalSection
	GlobalSection(SolutionProperties) = preSolution
		HideSolutionNode = FALSE
	EndGlobalSection
	GlobalSection(ExtensibilityGlobals) = postSolution
		SolutionGuid = {E79E2B79-B95B-421C-B658-2D73B91A9C3E}
	EndGlobalSection
EndGlobal
